// !$*UTF8*$!
{
	archiveVersion = 1;
	classes = {
	};
	objectVersion = 46;
	objects = {

/* Begin PBXBuildFile section */
		2723A6CD1EB77B4A00C8B09C /* AppDelegate.swift in Sources */ = {isa = PBXBuildFile; fileRef = 2723A6CC1EB77B4A00C8B09C /* AppDelegate.swift */; };
		2723A6CF1EB77B4A00C8B09C /* ViewController.swift in Sources */ = {isa = PBXBuildFile; fileRef = 2723A6CE1EB77B4A00C8B09C /* ViewController.swift */; };
		2723A6D21EB77B4A00C8B09C /* Main.storyboard in Resources */ = {isa = PBXBuildFile; fileRef = 2723A6D01EB77B4A00C8B09C /* Main.storyboard */; };
		2723A6D41EB77B4A00C8B09C /* Assets.xcassets in Resources */ = {isa = PBXBuildFile; fileRef = 2723A6D31EB77B4A00C8B09C /* Assets.xcassets */; };
		2723A6D71EB77B4A00C8B09C /* LaunchScreen.storyboard in Resources */ = {isa = PBXBuildFile; fileRef = 2723A6D51EB77B4A00C8B09C /* LaunchScreen.storyboard */; };
		2723A6E21EB77B4A00C8B09C /* JsonParserTests.swift in Sources */ = {isa = PBXBuildFile; fileRef = 2723A6E11EB77B4A00C8B09C /* JsonParserTests.swift */; };
		2723A6ED1EB77B4A00C8B09C /* JsonParserUITests.swift in Sources */ = {isa = PBXBuildFile; fileRef = 2723A6EC1EB77B4A00C8B09C /* JsonParserUITests.swift */; };
/* End PBXBuildFile section */

/* Begin PBXContainerItemProxy section */
		2723A6DE1EB77B4A00C8B09C /* PBXContainerItemProxy */ = {
			isa = PBXContainerItemProxy;
			containerPortal = 2723A6C11EB77B4A00C8B09C /* Project object */;
			proxyType = 1;
			remoteGlobalIDString = 2723A6C81EB77B4A00C8B09C;
			remoteInfo = JsonParser;
		};
		2723A6E91EB77B4A00C8B09C /* PBXContainerItemProxy */ = {
			isa = PBXContainerItemProxy;
			containerPortal = 2723A6C11EB77B4A00C8B09C /* Project object */;
			proxyType = 1;
			remoteGlobalIDString = 2723A6C81EB77B4A00C8B09C;
			remoteInfo = JsonParser;
		};
/* End PBXContainerItemProxy section */

/* Begin PBXFileReference section */
		2723A6C91EB77B4A00C8B09C /* JsonParser.app */ = {isa = PBXFileReference; explicitFileType = wrapper.application; includeInIndex = 0; path = JsonParser.app; sourceTree = BUILT_PRODUCTS_DIR; };
		2723A6CC1EB77B4A00C8B09C /* AppDelegate.swift */ = {isa = PBXFileReference; lastKnownFileType = sourcecode.swift; path = AppDelegate.swift; sourceTree = "<group>"; };
		2723A6CE1EB77B4A00C8B09C /* ViewController.swift */ = {isa = PBXFileReference; lastKnownFileType = sourcecode.swift; path = ViewController.swift; sourceTree = "<group>"; };
		2723A6D11EB77B4A00C8B09C /* Base */ = {isa = PBXFileReference; lastKnownFileType = file.storyboard; name = Base; path = Base.lproj/Main.storyboard; sourceTree = "<group>"; };
		2723A6D31EB77B4A00C8B09C /* Assets.xcassets */ = {isa = PBXFileReference; lastKnownFileType = folder.assetcatalog; path = Assets.xcassets; sourceTree = "<group>"; };
		2723A6D61EB77B4A00C8B09C /* Base */ = {isa = PBXFileReference; lastKnownFileType = file.storyboard; name = Base; path = Base.lproj/LaunchScreen.storyboard; sourceTree = "<group>"; };
		2723A6D81EB77B4A00C8B09C /* Info.plist */ = {isa = PBXFileReference; lastKnownFileType = text.plist.xml; path = Info.plist; sourceTree = "<group>"; };
		2723A6DD1EB77B4A00C8B09C /* JsonParserTests.xctest */ = {isa = PBXFileReference; explicitFileType = wrapper.cfbundle; includeInIndex = 0; path = JsonParserTests.xctest; sourceTree = BUILT_PRODUCTS_DIR; };
		2723A6E11EB77B4A00C8B09C /* JsonParserTests.swift */ = {isa = PBXFileReference; lastKnownFileType = sourcecode.swift; path = JsonParserTests.swift; sourceTree = "<group>"; };
		2723A6E31EB77B4A00C8B09C /* Info.plist */ = {isa = PBXFileReference; lastKnownFileType = text.plist.xml; path = Info.plist; sourceTree = "<group>"; };
		2723A6E81EB77B4A00C8B09C /* JsonParserUITests.xctest */ = {isa = PBXFileReference; explicitFileType = wrapper.cfbundle; includeInIndex = 0; path = JsonParserUITests.xctest; sourceTree = BUILT_PRODUCTS_DIR; };
		2723A6EC1EB77B4A00C8B09C /* JsonParserUITests.swift */ = {isa = PBXFileReference; lastKnownFileType = sourcecode.swift; path = JsonParserUITests.swift; sourceTree = "<group>"; };
		2723A6EE1EB77B4A00C8B09C /* Info.plist */ = {isa = PBXFileReference; lastKnownFileType = text.plist.xml; path = Info.plist; sourceTree = "<group>"; };
/* End PBXFileReference section */

/* Begin PBXFrameworksBuildPhase section */
		2723A6C61EB77B4A00C8B09C /* Frameworks */ = {
			isa = PBXFrameworksBuildPhase;
			buildActionMask = 2147483647;
			files = (
			);
			runOnlyForDeploymentPostprocessing = 0;
		};
		2723A6DA1EB77B4A00C8B09C /* Frameworks */ = {
			isa = PBXFrameworksBuildPhase;
			buildActionMask = 2147483647;
			files = (
			);
			runOnlyForDeploymentPostprocessing = 0;
		};
		2723A6E51EB77B4A00C8B09C /* Frameworks */ = {
			isa = PBXFrameworksBuildPhase;
			buildActionMask = 2147483647;
			files = (
			);
			runOnlyForDeploymentPostprocessing = 0;
		};
/* End PBXFrameworksBuildPhase section */

/* Begin PBXGroup section */
		2723A6C01EB77B4A00C8B09C = {
			isa = PBXGroup;
			children = (
				2723A6CB1EB77B4A00C8B09C /* JsonParser */,
				2723A6E01EB77B4A00C8B09C /* JsonParserTests */,
				2723A6EB1EB77B4A00C8B09C /* JsonParserUITests */,
				2723A6CA1EB77B4A00C8B09C /* Products */,
			);
			sourceTree = "<group>";
		};
		2723A6CA1EB77B4A00C8B09C /* Products */ = {
			isa = PBXGroup;
			children = (
				2723A6C91EB77B4A00C8B09C /* JsonParser.app */,
				2723A6DD1EB77B4A00C8B09C /* JsonParserTests.xctest */,
				2723A6E81EB77B4A00C8B09C /* JsonParserUITests.xctest */,
			);
			name = Products;
			sourceTree = "<group>";
		};
		2723A6CB1EB77B4A00C8B09C /* JsonParser */ = {
			isa = PBXGroup;
			children = (
				2723A6CC1EB77B4A00C8B09C /* AppDelegate.swift */,
				2723A6CE1EB77B4A00C8B09C /* ViewController.swift */,
				2723A6D01EB77B4A00C8B09C /* Main.storyboard */,
				2723A6D31EB77B4A00C8B09C /* Assets.xcassets */,
				2723A6D51EB77B4A00C8B09C /* LaunchScreen.storyboard */,
				2723A6D81EB77B4A00C8B09C /* Info.plist */,
			);
			path = JsonParser;
			sourceTree = "<group>";
		};
		2723A6E01EB77B4A00C8B09C /* JsonParserTests */ = {
			isa = PBXGroup;
			children = (
				2723A6E11EB77B4A00C8B09C /* JsonParserTests.swift */,
				2723A6E31EB77B4A00C8B09C /* Info.plist */,
			);
			path = JsonParserTests;
			sourceTree = "<group>";
		};
		2723A6EB1EB77B4A00C8B09C /* JsonParserUITests */ = {
			isa = PBXGroup;
			children = (
				2723A6EC1EB77B4A00C8B09C /* JsonParserUITests.swift */,
				2723A6EE1EB77B4A00C8B09C /* Info.plist */,
			);
			path = JsonParserUITests;
			sourceTree = "<group>";
		};
/* End PBXGroup section */

/* Begin PBXNativeTarget section */
		2723A6C81EB77B4A00C8B09C /* JsonParser */ = {
			isa = PBXNativeTarget;
			buildConfigurationList = 2723A6F11EB77B4A00C8B09C /* Build configuration list for PBXNativeTarget "JsonParser" */;
			buildPhases = (
				2723A6C51EB77B4A00C8B09C /* Sources */,
				2723A6C61EB77B4A00C8B09C /* Frameworks */,
				2723A6C71EB77B4A00C8B09C /* Resources */,
			);
			buildRules = (
			);
			dependencies = (
			);
			name = JsonParser;
			productName = JsonParser;
			productReference = 2723A6C91EB77B4A00C8B09C /* JsonParser.app */;
			productType = "com.apple.product-type.application";
		};
		2723A6DC1EB77B4A00C8B09C /* JsonParserTests */ = {
			isa = PBXNativeTarget;
			buildConfigurationList = 2723A6F41EB77B4A00C8B09C /* Build configuration list for PBXNativeTarget "JsonParserTests" */;
			buildPhases = (
				2723A6D91EB77B4A00C8B09C /* Sources */,
				2723A6DA1EB77B4A00C8B09C /* Frameworks */,
				2723A6DB1EB77B4A00C8B09C /* Resources */,
			);
			buildRules = (
			);
			dependencies = (
				2723A6DF1EB77B4A00C8B09C /* PBXTargetDependency */,
			);
			name = JsonParserTests;
			productName = JsonParserTests;
			productReference = 2723A6DD1EB77B4A00C8B09C /* JsonParserTests.xctest */;
			productType = "com.apple.product-type.bundle.unit-test";
		};
		2723A6E71EB77B4A00C8B09C /* JsonParserUITests */ = {
			isa = PBXNativeTarget;
			buildConfigurationList = 2723A6F71EB77B4A00C8B09C /* Build configuration list for PBXNativeTarget "JsonParserUITests" */;
			buildPhases = (
				2723A6E41EB77B4A00C8B09C /* Sources */,
				2723A6E51EB77B4A00C8B09C /* Frameworks */,
				2723A6E61EB77B4A00C8B09C /* Resources */,
			);
			buildRules = (
			);
			dependencies = (
				2723A6EA1EB77B4A00C8B09C /* PBXTargetDependency */,
			);
			name = JsonParserUITests;
			productName = JsonParserUITests;
			productReference = 2723A6E81EB77B4A00C8B09C /* JsonParserUITests.xctest */;
			productType = "com.apple.product-type.bundle.ui-testing";
		};
/* End PBXNativeTarget section */

/* Begin PBXProject section */
		2723A6C11EB77B4A00C8B09C /* Project object */ = {
			isa = PBXProject;
			attributes = {
				LastSwiftUpdateCheck = 0830;
				LastUpgradeCheck = 0830;
				ORGANIZATIONNAME = htekayadi;
				TargetAttributes = {
					2723A6C81EB77B4A00C8B09C = {
						CreatedOnToolsVersion = 8.3.2;
						ProvisioningStyle = Automatic;
					};
					2723A6DC1EB77B4A00C8B09C = {
						CreatedOnToolsVersion = 8.3.2;
						ProvisioningStyle = Automatic;
						TestTargetID = 2723A6C81EB77B4A00C8B09C;
					};
					2723A6E71EB77B4A00C8B09C = {
						CreatedOnToolsVersion = 8.3.2;
						ProvisioningStyle = Automatic;
						TestTargetID = 2723A6C81EB77B4A00C8B09C;
					};
				};
			};
			buildConfigurationList = 2723A6C41EB77B4A00C8B09C /* Build configuration list for PBXProject "JsonParser" */;
			compatibilityVersion = "Xcode 3.2";
			developmentRegion = English;
			hasScannedForEncodings = 0;
			knownRegions = (
				en,
				Base,
			);
			mainGroup = 2723A6C01EB77B4A00C8B09C;
			productRefGroup = 2723A6CA1EB77B4A00C8B09C /* Products */;
			projectDirPath = "";
			projectRoot = "";
			targets = (
				2723A6C81EB77B4A00C8B09C /* JsonParser */,
				2723A6DC1EB77B4A00C8B09C /* JsonParserTests */,
				2723A6E71EB77B4A00C8B09C /* JsonParserUITests */,
			);
		};
/* End PBXProject section */

/* Begin PBXResourcesBuildPhase section */
		2723A6C71EB77B4A00C8B09C /* Resources */ = {
			isa = PBXResourcesBuildPhase;
			buildActionMask = 2147483647;
			files = (
				2723A6D71EB77B4A00C8B09C /* LaunchScreen.storyboard in Resources */,
				2723A6D41EB77B4A00C8B09C /* Assets.xcassets in Resources */,
				2723A6D21EB77B4A00C8B09C /* Main.storyboard in Resources */,
			);
			runOnlyForDeploymentPostprocessing = 0;
		};
		2723A6DB1EB77B4A00C8B09C /* Resources */ = {
			isa = PBXResourcesBuildPhase;
			buildActionMask = 2147483647;
			files = (
			);
			runOnlyForDeploymentPostprocessing = 0;
		};
		2723A6E61EB77B4A00C8B09C /* Resources */ = {
			isa = PBXResourcesBuildPhase;
			buildActionMask = 2147483647;
			files = (
			);
			runOnlyForDeploymentPostprocessing = 0;
		};
/* End PBXResourcesBuildPhase section */

/* Begin PBXSourcesBuildPhase section */
		2723A6C51EB77B4A00C8B09C /* Sources */ = {
			isa = PBXSourcesBuildPhase;
			buildActionMask = 2147483647;
			files = (
				2723A6CF1EB77B4A00C8B09C /* ViewController.swift in Sources */,
				2723A6CD1EB77B4A00C8B09C /* AppDelegate.swift in Sources */,
			);
			runOnlyForDeploymentPostprocessing = 0;
		};
		2723A6D91EB77B4A00C8B09C /* Sources */ = {
			isa = PBXSourcesBuildPhase;
			buildActionMask = 2147483647;
			files = (
				2723A6E21EB77B4A00C8B09C /* JsonParserTests.swift in Sources */,
			);
			runOnlyForDeploymentPostprocessing = 0;
		};
		2723A6E41EB77B4A00C8B09C /* Sources */ = {
			isa = PBXSourcesBuildPhase;
			buildActionMask = 2147483647;
			files = (
				2723A6ED1EB77B4A00C8B09C /* JsonParserUITests.swift in Sources */,
			);
			runOnlyForDeploymentPostprocessing = 0;
		};
/* End PBXSourcesBuildPhase section */

/* Begin PBXTargetDependency section */
		2723A6DF1EB77B4A00C8B09C /* PBXTargetDependency */ = {
			isa = PBXTargetDependency;
			target = 2723A6C81EB77B4A00C8B09C /* JsonParser */;
			targetProxy = 2723A6DE1EB77B4A00C8B09C /* PBXContainerItemProxy */;
		};
		2723A6EA1EB77B4A00C8B09C /* PBXTargetDependency */ = {
			isa = PBXTargetDependency;
			target = 2723A6C81EB77B4A00C8B09C /* JsonParser */;
			targetProxy = 2723A6E91EB77B4A00C8B09C /* PBXContainerItemProxy */;
		};
/* End PBXTargetDependency section */

/* Begin PBXVariantGroup section */
		2723A6D01EB77B4A00C8B09C /* Main.storyboard */ = {
			isa = PBXVariantGroup;
			children = (
				2723A6D11EB77B4A00C8B09C /* Base */,
			);
			name = Main.storyboard;
			sourceTree = "<group>";
		};
		2723A6D51EB77B4A00C8B09C /* LaunchScreen.storyboard */ = {
			isa = PBXVariantGroup;
			children = (
				2723A6D61EB77B4A00C8B09C /* Base */,
			);
			name = LaunchScreen.storyboard;
			sourceTree = "<group>";
		};
/* End PBXVariantGroup section */

/* Begin XCBuildConfiguration section */
		2723A6EF1EB77B4A00C8B09C /* Debug */ = {
			isa = XCBuildConfiguration;
			buildSettings = {
				ALWAYS_SEARCH_USER_PATHS = NO;
				CLANG_ANALYZER_NONNULL = YES;
				CLANG_ANALYZER_NUMBER_OBJECT_CONVERSION = YES_AGGRESSIVE;
				CLANG_CXX_LANGUAGE_STANDARD = "gnu++0x";
				CLANG_CXX_LIBRARY = "libc++";
				CLANG_ENABLE_MODULES = YES;
				CLANG_ENABLE_OBJC_ARC = YES;
				CLANG_WARN_BOOL_CONVERSION = YES;
				CLANG_WARN_CONSTANT_CONVERSION = YES;
				CLANG_WARN_DIRECT_OBJC_ISA_USAGE = YES_ERROR;
				CLANG_WARN_DOCUMENTATION_COMMENTS = YES;
				CLANG_WARN_EMPTY_BODY = YES;
				CLANG_WARN_ENUM_CONVERSION = YES;
				CLANG_WARN_INFINITE_RECURSION = YES;
				CLANG_WARN_INT_CONVERSION = YES;
				CLANG_WARN_OBJC_ROOT_CLASS = YES_ERROR;
				CLANG_WARN_SUSPICIOUS_MOVE = YES;
				CLANG_WARN_UNREACHABLE_CODE = YES;
				CLANG_WARN__DUPLICATE_METHOD_MATCH = YES;
				"CODE_SIGN_IDENTITY[sdk=iphoneos*]" = "iPhone Developer";
				COPY_PHASE_STRIP = NO;
				DEBUG_INFORMATION_FORMAT = dwarf;
				ENABLE_STRICT_OBJC_MSGSEND = YES;
				ENABLE_TESTABILITY = YES;
				GCC_C_LANGUAGE_STANDARD = gnu99;
				GCC_DYNAMIC_NO_PIC = NO;
				GCC_NO_COMMON_BLOCKS = YES;
				GCC_OPTIMIZATION_LEVEL = 0;
				GCC_PREPROCESSOR_DEFINITIONS = (
					"DEBUG=1",
					"$(inherited)",
				);
				GCC_WARN_64_TO_32_BIT_CONVERSION = YES;
				GCC_WARN_ABOUT_RETURN_TYPE = YES_ERROR;
				GCC_WARN_UNDECLARED_SELECTOR = YES;
				GCC_WARN_UNINITIALIZED_AUTOS = YES_AGGRESSIVE;
				GCC_WARN_UNUSED_FUNCTION = YES;
				GCC_WARN_UNUSED_VARIABLE = YES;
				IPHONEOS_DEPLOYMENT_TARGET = 10.3;
				MTL_ENABLE_DEBUG_INFO = YES;
				ONLY_ACTIVE_ARCH = YES;
				SDKROOT = iphoneos;
				SWIFT_ACTIVE_COMPILATION_CONDITIONS = DEBUG;
				SWIFT_OPTIMIZATION_LEVEL = "-Onone";
			};
			name = Debug;
		};
		2723A6F01EB77B4A00C8B09C /* Release */ = {
			isa = XCBuildConfiguration;
			buildSettings = {
				ALWAYS_SEARCH_USER_PATHS = NO;
				CLANG_ANALYZER_NONNULL = YES;
				CLANG_ANALYZER_NUMBER_OBJECT_CONVERSION = YES_AGGRESSIVE;
				CLANG_CXX_LANGUAGE_STANDARD = "gnu++0x";
				CLANG_CXX_LIBRARY = "libc++";
				CLANG_ENABLE_MODULES = YES;
				CLANG_ENABLE_OBJC_ARC = YES;
				CLANG_WARN_BOOL_CONVERSION = YES;
				CLANG_WARN_CONSTANT_CONVERSION = YES;
				CLANG_WARN_DIRECT_OBJC_ISA_USAGE = YES_ERROR;
				CLANG_WARN_DOCUMENTATION_COMMENTS = YES;
				CLANG_WARN_EMPTY_BODY = YES;
				CLANG_WARN_ENUM_CONVERSION = YES;
				CLANG_WARN_INFINITE_RECURSION = YES;
				CLANG_WARN_INT_CONVERSION = YES;
				CLANG_WARN_OBJC_ROOT_CLASS = YES_ERROR;
				CLANG_WARN_SUSPICIOUS_MOVE = YES;
				CLANG_WARN_UNREACHABLE_CODE = YES;
				CLANG_WARN__DUPLICATE_METHOD_MATCH = YES;
				"CODE_SIGN_IDENTITY[sdk=iphoneos*]" = "iPhone Developer";
				COPY_PHASE_STRIP = NO;
				DEBUG_INFORMATION_FORMAT = "dwarf-with-dsym";
				ENABLE_NS_ASSERTIONS = NO;
				ENABLE_STRICT_OBJC_MSGSEND = YES;
				GCC_C_LANGUAGE_STANDARD = gnu99;
				GCC_NO_COMMON_BLOCKS = YES;
				GCC_WARN_64_TO_32_BIT_CONVERSION = YES;
				GCC_WARN_ABOUT_RETURN_TYPE = YES_ERROR;
				GCC_WARN_UNDECLARED_SELECTOR = YES;
				GCC_WARN_UNINITIALIZED_AUTOS = YES_AGGRESSIVE;
				GCC_WARN_UNUSED_FUNCTION = YES;
				GCC_WARN_UNUSED_VARIABLE = YES;
				IPHONEOS_DEPLOYMENT_TARGET = 10.3;
				MTL_ENABLE_DEBUG_INFO = NO;
				SDKROOT = iphoneos;
				SWIFT_OPTIMIZATION_LEVEL = "-Owholemodule";
				VALIDATE_PRODUCT = YES;
			};
			name = Release;
		};
		2723A6F21EB77B4A00C8B09C /* Debug */ = {
			isa = XCBuildConfiguration;
			buildSettings = {
				ASSETCATALOG_COMPILER_APPICON_NAME = AppIcon;
				INFOPLIST_FILE = JsonParser/Info.plist;
				LD_RUNPATH_SEARCH_PATHS = "$(inherited) @executable_path/Frameworks";
				PRODUCT_BUNDLE_IDENTIFIER = com.quote.JsonParser;
				PRODUCT_NAME = "$(TARGET_NAME)";
				SWIFT_VERSION = 3.0;
			};
			name = Debug;
		};
		2723A6F31EB77B4A00C8B09C /* Release */ = {
			isa = XCBuildConfiguration;
			buildSettings = {
				ASSETCATALOG_COMPILER_APPICON_NAME = AppIcon;
				INFOPLIST_FILE = JsonParser/Info.plist;
				LD_RUNPATH_SEARCH_PATHS = "$(inherited) @executable_path/Frameworks";
				PRODUCT_BUNDLE_IDENTIFIER = com.quote.JsonParser;
				PRODUCT_NAME = "$(TARGET_NAME)";
				SWIFT_VERSION = 3.0;
			};
			name = Release;
		};
		2723A6F51EB77B4A00C8B09C /* Debug */ = {
			isa = XCBuildConfiguration;
			buildSettings = {
				ALWAYS_EMBED_SWIFT_STANDARD_LIBRARIES = YES;
				BUNDLE_LOADER = "$(TEST_HOST)";
				INFOPLIST_FILE = JsonParserTests/Info.plist;
				LD_RUNPATH_SEARCH_PATHS = "$(inherited) @executable_path/Frameworks @loader_path/Frameworks";
				PRODUCT_BUNDLE_IDENTIFIER = com.quote.JsonParserTests;
				PRODUCT_NAME = "$(TARGET_NAME)";
				SWIFT_VERSION = 3.0;
				TEST_HOST = "$(BUILT_PRODUCTS_DIR)/JsonParser.app/JsonParser";
			};
			name = Debug;
		};
		2723A6F61EB77B4A00C8B09C /* Release */ = {
			isa = XCBuildConfiguration;
			buildSettings = {
				ALWAYS_EMBED_SWIFT_STANDARD_LIBRARIES = YES;
				BUNDLE_LOADER = "$(TEST_HOST)";
				INFOPLIST_FILE = JsonParserTests/Info.plist;
				LD_RUNPATH_SEARCH_PATHS = "$(inherited) @executable_path/Frameworks @loader_path/Frameworks";
				PRODUCT_BUNDLE_IDENTIFIER = com.quote.JsonParserTests;
				PRODUCT_NAME = "$(TARGET_NAME)";
				SWIFT_VERSION = 3.0;
				TEST_HOST = "$(BUILT_PRODUCTS_DIR)/JsonParser.app/JsonParser";
			};
			name = Release;
		};
		2723A6F81EB77B4A00C8B09C /* Debug */ = {
			isa = XCBuildConfiguration;
			buildSettings = {
				ALWAYS_EMBED_SWIFT_STANDARD_LIBRARIES = YES;
				INFOPLIST_FILE = JsonParserUITests/Info.plist;
				LD_RUNPATH_SEARCH_PATHS = "$(inherited) @executable_path/Frameworks @loader_path/Frameworks";
				PRODUCT_BUNDLE_IDENTIFIER = com.quote.JsonParserUITests;
				PRODUCT_NAME = "$(TARGET_NAME)";
				SWIFT_VERSION = 3.0;
				TEST_TARGET_NAME = JsonParser;
			};
			name = Debug;
		};
		2723A6F91EB77B4A00C8B09C /* Release */ = {
			isa = XCBuildConfiguration;
			buildSettings = {
				ALWAYS_EMBED_SWIFT_STANDARD_LIBRARIES = YES;
				INFOPLIST_FILE = JsonParserUITests/Info.plist;
				LD_RUNPATH_SEARCH_PATHS = "$(inherited) @executable_path/Frameworks @loader_path/Frameworks";
				PRODUCT_BUNDLE_IDENTIFIER = com.quote.JsonParserUITests;
				PRODUCT_NAME = "$(TARGET_NAME)";
				SWIFT_VERSION = 3.0;
				TEST_TARGET_NAME = JsonParser;
			};
			name = Release;
		};
/* End XCBuildConfiguration section */

/* Begin XCConfigurationList section */
		2723A6C41EB77B4A00C8B09C /* Build configuration list for PBXProject "JsonParser" */ = {
			isa = XCConfigurationList;
			buildConfigurations = (
				2723A6EF1EB77B4A00C8B09C /* Debug */,
				2723A6F01EB77B4A00C8B09C /* Release */,
			);
			defaultConfigurationIsVisible = 0;
			defaultConfigurationName = Release;
		};
		2723A6F11EB77B4A00C8B09C /* Build configuration list for PBXNativeTarget "JsonParser" */ = {
			isa = XCConfigurationList;
			buildConfigurations = (
				2723A6F21EB77B4A00C8B09C /* Debug */,
				2723A6F31EB77B4A00C8B09C /* Release */,
			);
			defaultConfigurationIsVisible = 0;
		};
		2723A6F41EB77B4A00C8B09C /* Build configuration list for PBXNativeTarget "JsonParserTests" */ = {
			isa = XCConfigurationList;
			buildConfigurations = (
				2723A6F51EB77B4A00C8B09C /* Debug */,
				2723A6F61EB77B4A00C8B09C /* Release */,
			);
			defaultConfigurationIsVisible = 0;
		};
		2723A6F71EB77B4A00C8B09C /* Build configuration list for PBXNativeTarget "JsonParserUITests" */ = {
			isa = XCConfigurationList;
			buildConfigurations = (
				2723A6F81EB77B4A00C8B09C /* Debug */,
				2723A6F91EB77B4A00C8B09C /* Release */,
			);
			defaultConfigurationIsVisible = 0;
		};
/* End XCConfigurationList section */
	};
	rootObject = 2723A6C11EB77B4A00C8B09C /* Project object */;
}
